
Microsoft Visual Studio Solution File, Format Version 12.00
# Visual Studio Version 16
VisualStudioVersion = 25.0.1700.0
MinimumVisualStudioVersion = 10.0.40219.1
Project("{FAE04EC0-301F-11D3-BF4B-00C04F79EFBC}") = "Variables", "Variables\Variables.csproj", "{A641D0E9-B826-4564-8F2C-5024CB3E87FD}"
EndProject
Global
	GlobalSection(SolutionConfigurationPlatforms) = preSolution
		Debug|Any CPU = Debug|Any CPU
		Release|Any CPU = Release|Any CPU
	EndGlobalSection
	GlobalSection(ProjectConfigurationPlatforms) = postSolution
		{A641D0E9-B826-4564-8F2C-5024CB3E87FD}.Debug|Any CPU.ActiveCfg = Debug|Any CPU
		{A641D0E9-B826-4564-8F2C-5024CB3E87FD}.Debug|Any CPU.Build.0 = Debug|Any CPU
		{A641D0E9-B826-4564-8F2C-5024CB3E87FD}.Release|Any CPU.ActiveCfg = Release|Any CPU
		{A641D0E9-B826-4564-8F2C-5024CB3E87FD}.Release|Any CPU.Build.0 = Release|Any CPU
	EndGlobalSection
	GlobalSection(SolutionProperties) = preSolution
		HideSolutionNode = FALSE
	EndGlobalSection
	GlobalSection(ExtensibilityGlobals) = postSolution
		SolutionGuid = {0E5D2BDF-95B1-4BB0-9D09-5979C687A2FB}
	EndGlobalSection
EndGlobal
